
Microsoft Visual Studio Solution File, Format Version 12.00
# Visual Studio Version 17
VisualStudioVersion = 17.11.35303.130
MinimumVisualStudioVersion = 10.0.40219.1
Project("{F2A71F9B-5D33-465A-A702-920D77279786}") = "Lab1_Task1", "Lab1_Task1\Lab1_Task1.fsproj", "{59BEB509-1317-4378-9E49-173BD12A3A20}"
EndProject
Global
	GlobalSection(SolutionConfigurationPlatforms) = preSolution
		Debug|Any CPU = Debug|Any CPU
		Release|Any CPU = Release|Any CPU
	EndGlobalSection
	GlobalSection(ProjectConfigurationPlatforms) = postSolution
		{59BEB509-1317-4378-9E49-173BD12A3A20}.Debug|Any CPU.ActiveCfg = Debug|Any CPU
		{59BEB509-1317-4378-9E49-173BD12A3A20}.Debug|Any CPU.Build.0 = Debug|Any CPU
		{59BEB509-1317-4378-9E49-173BD12A3A20}.Release|Any CPU.ActiveCfg = Release|Any CPU
		{59BEB509-1317-4378-9E49-173BD12A3A20}.Release|Any CPU.Build.0 = Release|Any CPU
	EndGlobalSection
	GlobalSection(SolutionProperties) = preSolution
		HideSolutionNode = FALSE
	EndGlobalSection
	GlobalSection(ExtensibilityGlobals) = postSolution
		SolutionGuid = {C71108A8-E7B8-494A-BF2B-2434A8875931}
	EndGlobalSection
EndGlobal
